{
  "name": "e-wallet-mockup",
  "version": "0.0.0",
  "lockfileVersion": 3,
  "requires": true,
  "packages": {
    "": {
      "name": "e-wallet-mockup",
      "version": "0.0.0",
      "dependencies": {
        "react": "^19.2.0",
        "react-dom": "^19.2.0"
      },
      "devDependencies": {
        "@types/node": "^22.14.0",
        "@vitejs/plugin-react": "^5.0.0",
        "typescript": "~5.8.2",
        "vite": "^6.2.0"
      }
    },
    "node_modules/@babel/core": {
      "version": "7.24.5",
      "resolved": "https://registry.npmjs.org/@babel/core/-/core-7.24.5.tgz",
      "integrity": "sha512-tksQiNMnsWIuNb6KeKZvlcsHY5/lH1J8t5/D/vJ6/nP6Jq3ZXWrPjP1UjKwVMbqkxPbxwdrPEuvMSe3lEApPw==",
      "dev": true
    },
    "node_modules/@babel/plugin-proposal-decorators": {
      "version": "7.24.1",
      "resolved": "https://registry.npmjs.org/@babel/plugin-proposal-decorators/-/plugin-proposal-decorators-7.24.1.tgz",
      "integrity": "sha512-zPLmWUs0W9MYZ8/xPw7bWIVLm/gAwhZecKT/qkbVT16La6Q6NH8EsNP5DNfrlCxjEHEMRnrt5ghHKdLE8K5yA==",
      "dev": true
    },
    "node_modules/@babel/plugin-syntax-import-attributes": {
      "version": "7.24.1",
      "resolved": "https://registry.npmjs.org/@babel/plugin-syntax-import-attributes/-/plugin-syntax-import-attributes-7.24.1.tgz",
      "integrity": "sha512-avmg3OHQ/xNKiQyewik92fJ+9gEZtCRtAcTou7ja64U61/51Z1azeC47/KL6jZM0P0CkqkdCCLx3wJRSV7jWFQ==",
      "dev": true
    },
    "node_modules/@babel/preset-env": {
      "version": "7.24.5",
      "resolved": "https://registry.npmjs.org/@babel/preset-env/-/preset-env-7.24.5.tgz",
      "integrity": "sha512-UVF2Xx3+FxaIoxOinc/db6CEy0KstohWtscXZo/4svFdszKRHZoyj7QvDuB1jJYcte40om2XYWct50hygvFkCg==",
      "dev": true
    },
    "node_modules/@babel/preset-react": {
      "version": "7.24.1",
      "resolved": "https://registry.npmjs.org/@babel/preset-react/-/preset-react-7.24.1.tgz",
      "integrity": "sha512-eFa8DY/eHVc+tll8fkaXlqcAmes5THfkIm5yaEoMy+v3yccZlv3e6X3vM+zcYgC0Z9xy8Y2v3nylYMQF2LO9OA==",
      "dev": true
    },
    "node_modules/@babel/preset-typescript": {
      "version": "7.24.1",
      "resolved": "https://registry.npmjs.org/@babel/preset-typescript/-/preset-typescript-7.24.1.tgz",
      "integrity": "sha512-1DBaMGSfECR0K/9NiCwKQoN5k/5LzT0Z1j/PchLsolXksPmanjon19g0GU4l/NfuvVLTeHl/azF1+NFt/ZRchg==",
      "dev": true
    },
    "node_modules/@types/node": {
      "version": "22.14.0",
      "resolved": "https://registry.npmjs.org/@types/node/-/node-22.14.0.tgz",
      "integrity": "sha512-G7UrxZzRpsDL0VJCmVzE3/OIp6nJTBfSHaJL9sHLSv+bUgVH8MjhYFBPe1Hzrjxl2/aVlAPPnnz3W/5zAmRyA==",
      "dev": true
    },
    "node_modules/@vitejs/plugin-react": {
      "version": "5.0.0",
      "resolved": "https://registry.npmjs.org/@vitejs/plugin-react/-/plugin-react-5.0.0.tgz",
      "integrity": "sha512-NblJvNwp7iDWkm+1WsZUf7NyVEfwDpuQHHp8qQMVVPGzr3uUnGLiPVqvVeV+2VXbcHr5DKXBK7ywSx1D8xyWA==",
      "dev": true,
      "dependencies": {
        "@babel/core": "^7.24.0",
        "@babel/plugin-proposal-decorators": "^7.24.0",
        "@babel/plugin-syntax-import-attributes": "^7.24.0",
        "@babel/preset-env": "^7.24.0",
        "@babel/preset-react": "^7.23.0",
        "@babel/preset-typescript": "^7.24.0",
        "react-refresh": "^0.14.0"
      }
    },
    "node_modules/esbuild": {
      "version": "0.24.2",
      "resolved": "https://registry.npmjs.org/esbuild/-/esbuild-0.24.2.tgz",
      "integrity": "sha512-+U5ywrTVMqKqn3HVlWXuEE+ZhJHQ6HEz2V8r4HEEFRr7b5d2LqOqWbUcWn6qJrLI2zHrO4h5QKQbG2kJEWm6g==",
      "dev": true,
      "hasInstallScript": true
    },
    "node_modules/postcss": {
      "version": "8.4.49",
      "resolved": "https://registry.npmjs.org/postcss/-/postcss-8.4.49.tgz",
      "integrity": "sha512-OCVPnIObs4N29kxTjzLfUryOo/ycGkn9GksrPAsPGXYIRGLyeQH0+7u/JAAVbNUNDWJi0XccXN+kduDIWaOBzQ==",
      "dev": true
    },
    "node_modules/react": {
      "version": "19.2.0",
      "resolved": "https://registry.npmjs.org/react/-/react-19.2.0.tgz",
      "integrity": "sha512-eRE6Tl1VlJgn4I9qKJ1K+UX4Tp2d2qgFe5pB8sNNDPmyFzRX6A7T2+dVfcR4OqEG0mW3l1UhE6zS3w1cMVARg=="
    },
    "node_modules/react-dom": {
      "version": "19.2.0",
      "resolved": "https://registry.npmjs.org/react-dom/-/react-dom-19.2.0.tgz",
      "integrity": "sha512-X6x5g6dKEG2VLT9g8+vucBjeQQHcoEcP7A4Oa/3T2Tp9EQ2ZMLL1aT9LE/OYczqZKmEjECMd3M9AxpfXzYLzA==",
      "dependencies": {
        "react": "^19.2.0"
      }
    },
    "node_modules/react-refresh": {
      "version": "0.14.2",
      "resolved": "https://registry.npmjs.org/react-refresh/-/react-refresh-0.14.2.tgz",
      "integrity": "sha512-jCvmsr+1IUSMUyzOkRcVnVbX3ZYC6g2TDrR3dWchylZqodLn2vL7utc/WtPLbcCUichP5F38NSaytRTKGMPA==",
      "dev": true,
      "engines": {
        "node": ">=0.10.0"
      }
    },
    "node_modules/rollup": {
      "version": "4.21.3",
      "resolved": "https://registry.npmjs.org/rollup/-/rollup-4.21.3.tgz",
      "integrity": "sha512-W57wvbV1l7WCbRbVvvXl0p58xYMXBo5mvwAB2aFzcFq4fVzr0pHQx0BTt+TM5cVUqFVEVMNQg1s4f5m9MvlUQQ==",
      "dev": true,
      "dependencies": {
        "@types/estree": "1.0.5"
      },
      "bin": {
        "rollup": "dist/bin/rollup"
      },
      "engines": {
        "node": ">=18.0.0",
        "npm": ">=8.0.0"
      }
    },
    "node_modules/@types/estree": {
      "version": "1.0.5",
      "resolved": "https://registry.npmjs.org/@types/estree/-/estree-1.0.5.tgz",
      "integrity": "sha512-/kYRxbyM5rr68L9sSZy8mTSo5r+9+EdraSkortEqQBATW3FT+SDU42g7yNmtBts8zP/zq5UiKGQ8XnAw9+Z6Jw==",
      "dev": true
    },
    "node_modules/typescript": {
      "version": "5.8.2",
      "resolved": "https://registry.npmjs.org/typescript/-/typescript-5.8.2.tgz",
      "integrity": "sha512-EjzKvYmQWMf9XEWLsaP5DZI5aKPqLzxKe5KKX0iQaZKj3cHWbgNf3t51/mYdaF/LV/aHQJZjsQXo/5e+Kg8LQ==",
      "dev": true,
      "bin": {
        "tsc": "bin/tsc",
        "tsserver": "bin/tsserver"
      },
      "engines": {
        "node": ">=14.17"
      }
    },
    "node_modules/vite": {
      "version": "6.2.0",
      "resolved": "https://registry.npmjs.org/vite/-/vite-6.2.0.tgz",
      "integrity": "sha512-N8v1MR5xV+CqR3CxEOi8HSwA5B0dEYBtMYVE2kMPFVZh2MBdJJ+VqZqeFQMBXZJ8FqGlXC8VcVXuRz3xPp7kOQ==",
      "dev": true,
      "dependencies": {
        "esbuild": "^0.24.0",
        "postcss": "^8.4.49",
        "rollup": "^4.21.3"
      },
      "bin": {
        "vite": "bin/vite.js"
      },
      "engines": {
        "node": "^18.0.0 || >=20.0.0"
      }
    }
  }
}
