{
  "name": "e-wallet-mockup",
  "version": "0.0.0",
  "lockfileVersion": 3,
  "requires": true,
  "packages": {
    "": {
      "name": "e-wallet-mockup",
      "version": "0.0.0",
      "dependencies": {
        "react": "^19.2.0",
        "react-dom": "^19.2.0"
      },
      "devDependencies": {
        "@types/node": "^22.14.0",
        "@vitejs/plugin-react": "^5.0.0",
        "typescript": "~5.8.2",
        "vite": "^6.2.0"
      }
    },
    "node_modules/@types/node": {
      "version": "22.14.0",
      "resolved": "https://registry.npmjs.org/@types/node/-/node-22.14.0.tgz",
      "integrity": "sha512-G7UrxZzRpsDL0VJCmVzE3/OIp6nJTBfSHaJL9sHLSv+bUgVH8MjhYFBPe1Hzrjxl2/aVlAPPnnz3W/5zAmRyA==",
      "license": "MIT"
    },
    "node_modules/@vitejs/plugin-react": {
      "version": "5.0.0",
      "resolved": "https://registry.npmjs.org/@vitejs/plugin-react/-/plugin-react-5.0.0.tgz",
      "integrity": "sha512-NblJvNwp7iDWkm+1WsZUf7NyVEfwDpuQHHp8qQMVVPGzr3uUnGLiPVqvVeV+2VXbcHr5DKXBK7ywSx1D8xyWA==",
      "dev": true,
      "license": "MIT",
      "dependencies": {
        "@babel/core": "^7.24.0",
        "@babel/plugin-proposal-decorators": "^7.24.0",
        "@babel/plugin-syntax-import-attributes": "^7.24.0",
        "@babel/preset-env": "^7.24.0",
        "@babel/preset-react": "^7.23.0",
        "@babel/preset-typescript": "^7.24.0",
        "react-refresh": "^0.14.0"
      },
      "engines": {
        "node": "^14.18.0 || >=16.0.0"
      },
      "peerDependencies": {
        "vite": "^4.0.0 || ^5.0.0 || ^6.0.0"
      }
    },
    "node_modules/react": {
      "version": "19.2.0",
      "resolved": "https://registry.npmjs.org/react/-/react-19.2.0.tgz",
      "integrity": "sha512-eRE6Tl1VlJgn4I9qKJ1K+UX4Tp2d2qgFe5pB8sNNDPmyFzRX6A7T2+dVfcR4OqEG0mW3l1UhE6zS3w1cMVARg==",
      "license": "React"
    },
    "node_modules/react-dom": {
      "version": "19.2.0",
      "resolved": "https://registry.npmjs.org/react-dom/-/react-dom-19.2.0.tgz",
      "integrity": "sha512-X6x5g6dKEG2VLT9g8+vucBjeQQHcoEcP7A4Oa/3T2Tp9EQ2ZMLL1aT9LE/OYczqZKmEjECMd3M9AxpfXzYLzA==",
      "license": "React",
      "dependencies": {
        "react": "^19.2.0"
      }
    },
    "node_modules/typescript": {
      "version": "5.8.2",
      "resolved": "https://registry.npmjs.org/typescript/-/typescript-5.8.2.tgz",
      "integrity": "sha512-EjzKvYmQWMf9XEWLsaP5DZI5aKPqLzxKe5KKX0iQaZKj3cHWbgNf3t51/mYdaF/LV/aHQJZjsQXo/5e+Kg8LQ==",
      "dev": true,
      "license": "Apache-2.0",
      "bin": {
        "tsc": "bin/tsc",
        "tsserver": "bin/tsserver"
      },
      "engines": {
        "node": ">=14.17"
      }
    },
    "node_modules/vite": {
      "version": "6.2.0",
      "resolved": "https://registry.npmjs.org/vite/-/vite-6.2.0.tgz",
      "integrity": "sha512-N8v1MR5xV+CqR3CxEOi8HSwA5B0dEYBtMYVE2kMPFVZh2MBdJJ+VqZqeFQMBXZJ8FqGlXC8VcVXuRz3xPp7kOQ==",
      "dev": true,
      "license": "MIT",
      "dependencies": {
        "esbuild": "^0.24.0",
        "postcss": "^8.4.49",
        "rollup": "^4.21.3"
      },
      "bin": {
        "vite": "bin/vite.js"
      },
      "engines": {
        "node": "^18.0.0 || >=20.0.0"
      }
    }
  }
}
